
Microsoft Visual Studio Solution File, Format Version 12.00
# Visual Studio Version 17
VisualStudioVersion = 17.14.36127.28 d17.14
MinimumVisualStudioVersion = 10.0.40219.1
Project("{FAE04EC0-301F-11D3-BF4B-00C04F79EFBC}") = "ConsoleApp05_13", "ConsoleApp05_13.csproj", "{97E3A90F-56BC-4AC3-B7C6-1540CA77D47C}"
EndProject
Global
	GlobalSection(SolutionConfigurationPlatforms) = preSolution
		Debug|Any CPU = Debug|Any CPU
		Release|Any CPU = Release|Any CPU
	EndGlobalSection
	GlobalSection(ProjectConfigurationPlatforms) = postSolution
		{97E3A90F-56BC-4AC3-B7C6-1540CA77D47C}.Debug|Any CPU.ActiveCfg = Debug|Any CPU
		{97E3A90F-56BC-4AC3-B7C6-1540CA77D47C}.Debug|Any CPU.Build.0 = Debug|Any CPU
		{97E3A90F-56BC-4AC3-B7C6-1540CA77D47C}.Release|Any CPU.ActiveCfg = Release|Any CPU
		{97E3A90F-56BC-4AC3-B7C6-1540CA77D47C}.Release|Any CPU.Build.0 = Release|Any CPU
	EndGlobalSection
	GlobalSection(SolutionProperties) = preSolution
		HideSolutionNode = FALSE
	EndGlobalSection
	GlobalSection(ExtensibilityGlobals) = postSolution
		SolutionGuid = {B6DAAE9B-DBB3-41B5-97A2-7B1AA23C5C43}
	EndGlobalSection
EndGlobal
