
Microsoft Visual Studio Solution File, Format Version 12.00
# Visual Studio Version 17
VisualStudioVersion = 17.14.36127.28 d17.14
MinimumVisualStudioVersion = 10.0.40219.1
Project("{FAE04EC0-301F-11D3-BF4B-00C04F79EFBC}") = "ConsoleApp04_18", "ConsoleApp04_18.csproj", "{8ED73D40-EE99-4B93-A4D9-8CCECAAF318E}"
EndProject
Global
	GlobalSection(SolutionConfigurationPlatforms) = preSolution
		Debug|Any CPU = Debug|Any CPU
		Release|Any CPU = Release|Any CPU
	EndGlobalSection
	GlobalSection(ProjectConfigurationPlatforms) = postSolution
		{8ED73D40-EE99-4B93-A4D9-8CCECAAF318E}.Debug|Any CPU.ActiveCfg = Debug|Any CPU
		{8ED73D40-EE99-4B93-A4D9-8CCECAAF318E}.Debug|Any CPU.Build.0 = Debug|Any CPU
		{8ED73D40-EE99-4B93-A4D9-8CCECAAF318E}.Release|Any CPU.ActiveCfg = Release|Any CPU
		{8ED73D40-EE99-4B93-A4D9-8CCECAAF318E}.Release|Any CPU.Build.0 = Release|Any CPU
	EndGlobalSection
	GlobalSection(SolutionProperties) = preSolution
		HideSolutionNode = FALSE
	EndGlobalSection
	GlobalSection(ExtensibilityGlobals) = postSolution
		SolutionGuid = {CFB277DA-3BD0-4F9F-B029-CBA4AD3E7018}
	EndGlobalSection
EndGlobal
