
Microsoft Visual Studio Solution File, Format Version 12.00
# Visual Studio Version 17
VisualStudioVersion = 17.14.36127.28 d17.14
MinimumVisualStudioVersion = 10.0.40219.1
Project("{FAE04EC0-301F-11D3-BF4B-00C04F79EFBC}") = "ConsoleApp_menu_coffee_order", "ConsoleApp_menu_coffee_order.csproj", "{364A1139-D79D-4186-8D9A-DA183CBD576E}"
EndProject
Global
	GlobalSection(SolutionConfigurationPlatforms) = preSolution
		Debug|Any CPU = Debug|Any CPU
		Release|Any CPU = Release|Any CPU
	EndGlobalSection
	GlobalSection(ProjectConfigurationPlatforms) = postSolution
		{364A1139-D79D-4186-8D9A-DA183CBD576E}.Debug|Any CPU.ActiveCfg = Debug|Any CPU
		{364A1139-D79D-4186-8D9A-DA183CBD576E}.Debug|Any CPU.Build.0 = Debug|Any CPU
		{364A1139-D79D-4186-8D9A-DA183CBD576E}.Release|Any CPU.ActiveCfg = Release|Any CPU
		{364A1139-D79D-4186-8D9A-DA183CBD576E}.Release|Any CPU.Build.0 = Release|Any CPU
	EndGlobalSection
	GlobalSection(SolutionProperties) = preSolution
		HideSolutionNode = FALSE
	EndGlobalSection
	GlobalSection(ExtensibilityGlobals) = postSolution
		SolutionGuid = {91BC2ECE-4EA4-4F14-8312-93848696C795}
	EndGlobalSection
EndGlobal
