
Microsoft Visual Studio Solution File, Format Version 12.00
# Visual Studio Version 17
VisualStudioVersion = 17.14.36127.28 d17.14
MinimumVisualStudioVersion = 10.0.40219.1
Project("{FAE04EC0-301F-11D3-BF4B-00C04F79EFBC}") = "ConsoleApp06_10", "ConsoleApp06_10.csproj", "{08F4B31C-DAD7-4AC3-A8FD-235C80FB117F}"
EndProject
Global
	GlobalSection(SolutionConfigurationPlatforms) = preSolution
		Debug|Any CPU = Debug|Any CPU
		Release|Any CPU = Release|Any CPU
	EndGlobalSection
	GlobalSection(ProjectConfigurationPlatforms) = postSolution
		{08F4B31C-DAD7-4AC3-A8FD-235C80FB117F}.Debug|Any CPU.ActiveCfg = Debug|Any CPU
		{08F4B31C-DAD7-4AC3-A8FD-235C80FB117F}.Debug|Any CPU.Build.0 = Debug|Any CPU
		{08F4B31C-DAD7-4AC3-A8FD-235C80FB117F}.Release|Any CPU.ActiveCfg = Release|Any CPU
		{08F4B31C-DAD7-4AC3-A8FD-235C80FB117F}.Release|Any CPU.Build.0 = Release|Any CPU
	EndGlobalSection
	GlobalSection(SolutionProperties) = preSolution
		HideSolutionNode = FALSE
	EndGlobalSection
	GlobalSection(ExtensibilityGlobals) = postSolution
		SolutionGuid = {41D1A5B0-8650-40B1-8067-2BDB9489FABB}
	EndGlobalSection
EndGlobal
