
Microsoft Visual Studio Solution File, Format Version 12.00
# Visual Studio Version 17
VisualStudioVersion = 17.14.36127.28 d17.14
MinimumVisualStudioVersion = 10.0.40219.1
Project("{FAE04EC0-301F-11D3-BF4B-00C04F79EFBC}") = "ConsoleApp7_26", "ConsoleApp7_26.csproj", "{E87DA1A3-87E1-492C-B207-A2404217C1A7}"
EndProject
Global
	GlobalSection(SolutionConfigurationPlatforms) = preSolution
		Debug|Any CPU = Debug|Any CPU
		Release|Any CPU = Release|Any CPU
	EndGlobalSection
	GlobalSection(ProjectConfigurationPlatforms) = postSolution
		{E87DA1A3-87E1-492C-B207-A2404217C1A7}.Debug|Any CPU.ActiveCfg = Debug|Any CPU
		{E87DA1A3-87E1-492C-B207-A2404217C1A7}.Debug|Any CPU.Build.0 = Debug|Any CPU
		{E87DA1A3-87E1-492C-B207-A2404217C1A7}.Release|Any CPU.ActiveCfg = Release|Any CPU
		{E87DA1A3-87E1-492C-B207-A2404217C1A7}.Release|Any CPU.Build.0 = Release|Any CPU
	EndGlobalSection
	GlobalSection(SolutionProperties) = preSolution
		HideSolutionNode = FALSE
	EndGlobalSection
	GlobalSection(ExtensibilityGlobals) = postSolution
		SolutionGuid = {0FBE1132-1B94-4F1F-A696-F78A27C50955}
	EndGlobalSection
EndGlobal
