
Microsoft Visual Studio Solution File, Format Version 12.00
# Visual Studio Version 17
VisualStudioVersion = 17.14.36127.28 d17.14
MinimumVisualStudioVersion = 10.0.40219.1
Project("{FAE04EC0-301F-11D3-BF4B-00C04F79EFBC}") = "ConsoleApp02_47", "ConsoleApp02_47.csproj", "{27416779-FAE8-4903-A2D3-B3CBF533B642}"
EndProject
Global
	GlobalSection(SolutionConfigurationPlatforms) = preSolution
		Debug|Any CPU = Debug|Any CPU
		Release|Any CPU = Release|Any CPU
	EndGlobalSection
	GlobalSection(ProjectConfigurationPlatforms) = postSolution
		{27416779-FAE8-4903-A2D3-B3CBF533B642}.Debug|Any CPU.ActiveCfg = Debug|Any CPU
		{27416779-FAE8-4903-A2D3-B3CBF533B642}.Debug|Any CPU.Build.0 = Debug|Any CPU
		{27416779-FAE8-4903-A2D3-B3CBF533B642}.Release|Any CPU.ActiveCfg = Release|Any CPU
		{27416779-FAE8-4903-A2D3-B3CBF533B642}.Release|Any CPU.Build.0 = Release|Any CPU
	EndGlobalSection
	GlobalSection(SolutionProperties) = preSolution
		HideSolutionNode = FALSE
	EndGlobalSection
	GlobalSection(ExtensibilityGlobals) = postSolution
		SolutionGuid = {597A01E0-6B6B-4A7B-B98F-C60263801716}
	EndGlobalSection
EndGlobal
