
Microsoft Visual Studio Solution File, Format Version 12.00
# Visual Studio Version 17
VisualStudioVersion = 17.14.36127.28 d17.14
MinimumVisualStudioVersion = 10.0.40219.1
Project("{FAE04EC0-301F-11D3-BF4B-00C04F79EFBC}") = "ConsoleApp4", "ConsoleApp4.csproj", "{A832CAD6-C59F-49AC-88C8-AD8DFD7F162F}"
EndProject
Global
	GlobalSection(SolutionConfigurationPlatforms) = preSolution
		Debug|Any CPU = Debug|Any CPU
		Release|Any CPU = Release|Any CPU
	EndGlobalSection
	GlobalSection(ProjectConfigurationPlatforms) = postSolution
		{A832CAD6-C59F-49AC-88C8-AD8DFD7F162F}.Debug|Any CPU.ActiveCfg = Debug|Any CPU
		{A832CAD6-C59F-49AC-88C8-AD8DFD7F162F}.Debug|Any CPU.Build.0 = Debug|Any CPU
		{A832CAD6-C59F-49AC-88C8-AD8DFD7F162F}.Release|Any CPU.ActiveCfg = Release|Any CPU
		{A832CAD6-C59F-49AC-88C8-AD8DFD7F162F}.Release|Any CPU.Build.0 = Release|Any CPU
	EndGlobalSection
	GlobalSection(SolutionProperties) = preSolution
		HideSolutionNode = FALSE
	EndGlobalSection
	GlobalSection(ExtensibilityGlobals) = postSolution
		SolutionGuid = {B430C32C-E5F1-457C-8DDA-8850F75D1AC9}
	EndGlobalSection
EndGlobal
