
Microsoft Visual Studio Solution File, Format Version 12.00
# Visual Studio Version 17
VisualStudioVersion = 17.14.36127.28 d17.14
MinimumVisualStudioVersion = 10.0.40219.1
Project("{FAE04EC0-301F-11D3-BF4B-00C04F79EFBC}") = "ConsoleApp06_01", "ConsoleApp06_01.csproj", "{DFB4D4B2-CAA9-411A-A79C-D70EC7533CED}"
EndProject
Global
	GlobalSection(SolutionConfigurationPlatforms) = preSolution
		Debug|Any CPU = Debug|Any CPU
		Release|Any CPU = Release|Any CPU
	EndGlobalSection
	GlobalSection(ProjectConfigurationPlatforms) = postSolution
		{DFB4D4B2-CAA9-411A-A79C-D70EC7533CED}.Debug|Any CPU.ActiveCfg = Debug|Any CPU
		{DFB4D4B2-CAA9-411A-A79C-D70EC7533CED}.Debug|Any CPU.Build.0 = Debug|Any CPU
		{DFB4D4B2-CAA9-411A-A79C-D70EC7533CED}.Release|Any CPU.ActiveCfg = Release|Any CPU
		{DFB4D4B2-CAA9-411A-A79C-D70EC7533CED}.Release|Any CPU.Build.0 = Release|Any CPU
	EndGlobalSection
	GlobalSection(SolutionProperties) = preSolution
		HideSolutionNode = FALSE
	EndGlobalSection
	GlobalSection(ExtensibilityGlobals) = postSolution
		SolutionGuid = {AFE2B822-3A2C-4D49-8366-E86B59878016}
	EndGlobalSection
EndGlobal
