
Microsoft Visual Studio Solution File, Format Version 12.00
# Visual Studio Version 17
VisualStudioVersion = 17.14.36127.28 d17.14
MinimumVisualStudioVersion = 10.0.40219.1
Project("{FAE04EC0-301F-11D3-BF4B-00C04F79EFBC}") = "ConsoleApp04_14", "ConsoleApp04_14.csproj", "{D8ACAC09-F5E0-4CBE-B17E-363E94EAB04E}"
EndProject
Global
	GlobalSection(SolutionConfigurationPlatforms) = preSolution
		Debug|Any CPU = Debug|Any CPU
		Release|Any CPU = Release|Any CPU
	EndGlobalSection
	GlobalSection(ProjectConfigurationPlatforms) = postSolution
		{D8ACAC09-F5E0-4CBE-B17E-363E94EAB04E}.Debug|Any CPU.ActiveCfg = Debug|Any CPU
		{D8ACAC09-F5E0-4CBE-B17E-363E94EAB04E}.Debug|Any CPU.Build.0 = Debug|Any CPU
		{D8ACAC09-F5E0-4CBE-B17E-363E94EAB04E}.Release|Any CPU.ActiveCfg = Release|Any CPU
		{D8ACAC09-F5E0-4CBE-B17E-363E94EAB04E}.Release|Any CPU.Build.0 = Release|Any CPU
	EndGlobalSection
	GlobalSection(SolutionProperties) = preSolution
		HideSolutionNode = FALSE
	EndGlobalSection
	GlobalSection(ExtensibilityGlobals) = postSolution
		SolutionGuid = {136CC3F1-DBE5-48F4-847B-9305D3E6FC58}
	EndGlobalSection
EndGlobal
