
Microsoft Visual Studio Solution File, Format Version 12.00
# Visual Studio Version 17
VisualStudioVersion = 17.14.36127.28 d17.14
MinimumVisualStudioVersion = 10.0.40219.1
Project("{FAE04EC0-301F-11D3-BF4B-00C04F79EFBC}") = "ConsoleApp04_27", "ConsoleApp04_27.csproj", "{90ABC052-778E-4BF2-A755-D0E5EEF2AF8F}"
EndProject
Global
	GlobalSection(SolutionConfigurationPlatforms) = preSolution
		Debug|Any CPU = Debug|Any CPU
		Release|Any CPU = Release|Any CPU
	EndGlobalSection
	GlobalSection(ProjectConfigurationPlatforms) = postSolution
		{90ABC052-778E-4BF2-A755-D0E5EEF2AF8F}.Debug|Any CPU.ActiveCfg = Debug|Any CPU
		{90ABC052-778E-4BF2-A755-D0E5EEF2AF8F}.Debug|Any CPU.Build.0 = Debug|Any CPU
		{90ABC052-778E-4BF2-A755-D0E5EEF2AF8F}.Release|Any CPU.ActiveCfg = Release|Any CPU
		{90ABC052-778E-4BF2-A755-D0E5EEF2AF8F}.Release|Any CPU.Build.0 = Release|Any CPU
	EndGlobalSection
	GlobalSection(SolutionProperties) = preSolution
		HideSolutionNode = FALSE
	EndGlobalSection
	GlobalSection(ExtensibilityGlobals) = postSolution
		SolutionGuid = {ACF7DB39-DB6E-46C7-A325-C40542B19DAB}
	EndGlobalSection
EndGlobal
