
Microsoft Visual Studio Solution File, Format Version 12.00
# Visual Studio Version 17
VisualStudioVersion = 17.14.36127.28 d17.14
MinimumVisualStudioVersion = 10.0.40219.1
Project("{FAE04EC0-301F-11D3-BF4B-00C04F79EFBC}") = "ConsoleApp7_30", "ConsoleApp7_30.csproj", "{190B1F7F-B3D1-4EC9-A9C1-D40DEDAA229E}"
EndProject
Global
	GlobalSection(SolutionConfigurationPlatforms) = preSolution
		Debug|Any CPU = Debug|Any CPU
		Release|Any CPU = Release|Any CPU
	EndGlobalSection
	GlobalSection(ProjectConfigurationPlatforms) = postSolution
		{190B1F7F-B3D1-4EC9-A9C1-D40DEDAA229E}.Debug|Any CPU.ActiveCfg = Debug|Any CPU
		{190B1F7F-B3D1-4EC9-A9C1-D40DEDAA229E}.Debug|Any CPU.Build.0 = Debug|Any CPU
		{190B1F7F-B3D1-4EC9-A9C1-D40DEDAA229E}.Release|Any CPU.ActiveCfg = Release|Any CPU
		{190B1F7F-B3D1-4EC9-A9C1-D40DEDAA229E}.Release|Any CPU.Build.0 = Release|Any CPU
	EndGlobalSection
	GlobalSection(SolutionProperties) = preSolution
		HideSolutionNode = FALSE
	EndGlobalSection
	GlobalSection(ExtensibilityGlobals) = postSolution
		SolutionGuid = {5EF4BC8A-C77D-4818-9EED-B0572AA2DD83}
	EndGlobalSection
EndGlobal
