
Microsoft Visual Studio Solution File, Format Version 12.00
# Visual Studio Version 17
VisualStudioVersion = 17.14.36127.28 d17.14
MinimumVisualStudioVersion = 10.0.40219.1
Project("{FAE04EC0-301F-11D3-BF4B-00C04F79EFBC}") = "ConsoleApp7_29", "ConsoleApp7_29.csproj", "{969F09CC-E389-447B-BB94-A78B7345132D}"
EndProject
Global
	GlobalSection(SolutionConfigurationPlatforms) = preSolution
		Debug|Any CPU = Debug|Any CPU
		Release|Any CPU = Release|Any CPU
	EndGlobalSection
	GlobalSection(ProjectConfigurationPlatforms) = postSolution
		{969F09CC-E389-447B-BB94-A78B7345132D}.Debug|Any CPU.ActiveCfg = Debug|Any CPU
		{969F09CC-E389-447B-BB94-A78B7345132D}.Debug|Any CPU.Build.0 = Debug|Any CPU
		{969F09CC-E389-447B-BB94-A78B7345132D}.Release|Any CPU.ActiveCfg = Release|Any CPU
		{969F09CC-E389-447B-BB94-A78B7345132D}.Release|Any CPU.Build.0 = Release|Any CPU
	EndGlobalSection
	GlobalSection(SolutionProperties) = preSolution
		HideSolutionNode = FALSE
	EndGlobalSection
	GlobalSection(ExtensibilityGlobals) = postSolution
		SolutionGuid = {AB600B99-066C-438D-8743-83C4D832968E}
	EndGlobalSection
EndGlobal
