
Microsoft Visual Studio Solution File, Format Version 12.00
# Visual Studio Version 17
VisualStudioVersion = 17.14.36127.28 d17.14
MinimumVisualStudioVersion = 10.0.40219.1
Project("{FAE04EC0-301F-11D3-BF4B-00C04F79EFBC}") = "coffee_order_for", "coffee_order_for.csproj", "{DF748966-308B-4625-86A9-9E8CA089E314}"
EndProject
Global
	GlobalSection(SolutionConfigurationPlatforms) = preSolution
		Debug|Any CPU = Debug|Any CPU
		Release|Any CPU = Release|Any CPU
	EndGlobalSection
	GlobalSection(ProjectConfigurationPlatforms) = postSolution
		{DF748966-308B-4625-86A9-9E8CA089E314}.Debug|Any CPU.ActiveCfg = Debug|Any CPU
		{DF748966-308B-4625-86A9-9E8CA089E314}.Debug|Any CPU.Build.0 = Debug|Any CPU
		{DF748966-308B-4625-86A9-9E8CA089E314}.Release|Any CPU.ActiveCfg = Release|Any CPU
		{DF748966-308B-4625-86A9-9E8CA089E314}.Release|Any CPU.Build.0 = Release|Any CPU
	EndGlobalSection
	GlobalSection(SolutionProperties) = preSolution
		HideSolutionNode = FALSE
	EndGlobalSection
	GlobalSection(ExtensibilityGlobals) = postSolution
		SolutionGuid = {6049AD36-DD81-4711-BA90-D990992F1397}
	EndGlobalSection
EndGlobal
